
Microsoft Visual Studio Solution File, Format Version 12.00
Project("{FAE04EC0-301F-11D3-BF4B-00C04F79EFBC}") = "TorrentExtractor", "TorrentExtractor\TorrentExtractor.csproj", "{4B353C7E-DC70-4FE6-8F18-20353F628C8C}"
EndProject
Project("{2150E333-8FDC-42A3-9474-1A3956D46DE8}") = "Other", "Other", "{872F0988-0455-4F8A-A315-E98683A978C5}"
	ProjectSection(SolutionItems) = preProject
		README.md = README.md
		Dockerfile = Dockerfile
	EndProjectSection
EndProject
Global
	GlobalSection(SolutionConfigurationPlatforms) = preSolution
		Debug|Any CPU = Debug|Any CPU
		Release|Any CPU = Release|Any CPU
	EndGlobalSection
	GlobalSection(ProjectConfigurationPlatforms) = postSolution
		{4B353C7E-DC70-4FE6-8F18-20353F628C8C}.Debug|Any CPU.ActiveCfg = Debug|Any CPU
		{4B353C7E-DC70-4FE6-8F18-20353F628C8C}.Debug|Any CPU.Build.0 = Debug|Any CPU
		{4B353C7E-DC70-4FE6-8F18-20353F628C8C}.Release|Any CPU.ActiveCfg = Release|Any CPU
		{4B353C7E-DC70-4FE6-8F18-20353F628C8C}.Release|Any CPU.Build.0 = Release|Any CPU
	EndGlobalSection
EndGlobal
